
Microsoft Visual Studio Solution File, Format Version 12.00
# Visual Studio Version 17
VisualStudioVersion = 17.3.32901.215
MinimumVisualStudioVersion = 10.0.40219.1
Project("{FAE04EC0-301F-11D3-BF4B-00C04F79EFBC}") = "WebApplicationCoreGLSI-C", "WebApplicationCoreGLSI-C\WebApplicationCoreGLSI-C.csproj", "{AB8BDA34-42B8-4A17-A11E-6154853A15E6}"
EndProject
Global
	GlobalSection(SolutionConfigurationPlatforms) = preSolution
		Debug|Any CPU = Debug|Any CPU
		Release|Any CPU = Release|Any CPU
	EndGlobalSection
	GlobalSection(ProjectConfigurationPlatforms) = postSolution
		{AB8BDA34-42B8-4A17-A11E-6154853A15E6}.Debug|Any CPU.ActiveCfg = Debug|Any CPU
		{AB8BDA34-42B8-4A17-A11E-6154853A15E6}.Debug|Any CPU.Build.0 = Debug|Any CPU
		{AB8BDA34-42B8-4A17-A11E-6154853A15E6}.Release|Any CPU.ActiveCfg = Release|Any CPU
		{AB8BDA34-42B8-4A17-A11E-6154853A15E6}.Release|Any CPU.Build.0 = Release|Any CPU
	EndGlobalSection
	GlobalSection(SolutionProperties) = preSolution
		HideSolutionNode = FALSE
	EndGlobalSection
	GlobalSection(ExtensibilityGlobals) = postSolution
		SolutionGuid = {D3C44CB4-3482-49DE-8BEE-2B01E6C06404}
	EndGlobalSection
EndGlobal
